// !$*UTF8*$!
{
	archiveVersion = 1;
	classes = {
	};
	objectVersion = 46;
	objects = {

/* Begin PBXBuildFile section */
		810A704F1C85D78D00F3166D /* CoreMIDI.framework in Frameworks */ = {isa = PBXBuildFile; fileRef = 81E3BD1D1B4C7E9100359B78 /* CoreMIDI.framework */; };
		813150B21B457B6900A39CC1 /* VirtualMidiSource.m in Sources */ = {isa = PBXBuildFile; fileRef = 813150B11B457B6900A39CC1 /* VirtualMidiSource.m */; };
		814F21591D9B5A9100A36FA7 /* Launch.storyboard in Resources */ = {isa = PBXBuildFile; fileRef = 814F21581D9B5A9100A36FA7 /* Launch.storyboard */; };
		8174F4B61B4612BB00FF3B70 /* ChordTable.swift in Sources */ = {isa = PBXBuildFile; fileRef = 8174F4B51B4612BB00FF3B70 /* ChordTable.swift */; };
		8174F4B81B46142700FF3B70 /* UIColorHex.swift in Sources */ = {isa = PBXBuildFile; fileRef = 8174F4B71B46142700FF3B70 /* UIColorHex.swift */; };
		8174F4BA1B46D3E500FF3B70 /* MusicUtil.swift in Sources */ = {isa = PBXBuildFile; fileRef = 8174F4B91B46D3E500FF3B70 /* MusicUtil.swift */; };
		81A8BA631B4452960069DB83 /* AppDelegate.swift in Sources */ = {isa = PBXBuildFile; fileRef = 81A8BA621B4452960069DB83 /* AppDelegate.swift */; };
		81A8BA651B4452960069DB83 /* ViewController.swift in Sources */ = {isa = PBXBuildFile; fileRef = 81A8BA641B4452960069DB83 /* ViewController.swift */; };
		81A8BA681B4452960069DB83 /* Main.storyboard in Resources */ = {isa = PBXBuildFile; fileRef = 81A8BA661B4452960069DB83 /* Main.storyboard */; };
		81A8BA6A1B4452960069DB83 /* Images.xcassets in Resources */ = {isa = PBXBuildFile; fileRef = 81A8BA691B4452960069DB83 /* Images.xcassets */; };
		81A8BA791B4452960069DB83 /* MinorThirdsTests.swift in Sources */ = {isa = PBXBuildFile; fileRef = 81A8BA781B4452960069DB83 /* MinorThirdsTests.swift */; };
		81E3BD1C1B4C6E7F00359B78 /* ConfigViewController.swift in Sources */ = {isa = PBXBuildFile; fileRef = 81E3BD1B1B4C6E7F00359B78 /* ConfigViewController.swift */; };
		81E3BD201B4C7E9C00359B78 /* CoreAudioKit.framework in Frameworks */ = {isa = PBXBuildFile; fileRef = 81E3BD1F1B4C7E9C00359B78 /* CoreAudioKit.framework */; };
		81E496A61B4DF16A0073B483 /* RangeSlider.swift in Sources */ = {isa = PBXBuildFile; fileRef = 81E496A51B4DF16A0073B483 /* RangeSlider.swift */; };
		81E496A81B5156C40073B483 /* MasterViewController.swift in Sources */ = {isa = PBXBuildFile; fileRef = 81E496A71B5156C40073B483 /* MasterViewController.swift */; };
		81E496AA1B5158130073B483 /* DetailViewController.swift in Sources */ = {isa = PBXBuildFile; fileRef = 81E496A91B5158130073B483 /* DetailViewController.swift */; };
/* End PBXBuildFile section */

/* Begin PBXContainerItemProxy section */
		81A8BA731B4452960069DB83 /* PBXContainerItemProxy */ = {
			isa = PBXContainerItemProxy;
			containerPortal = 81A8BA551B4452960069DB83 /* Project object */;
			proxyType = 1;
			remoteGlobalIDString = 81A8BA5C1B4452960069DB83;
			remoteInfo = MinorThirds;
		};
/* End PBXContainerItemProxy section */

/* Begin PBXFileReference section */
		813150B01B457B6900A39CC1 /* VirtualMidiSource.h */ = {isa = PBXFileReference; fileEncoding = 4; lastKnownFileType = sourcecode.c.h; path = VirtualMidiSource.h; sourceTree = "<group>"; };
		813150B11B457B6900A39CC1 /* VirtualMidiSource.m */ = {isa = PBXFileReference; fileEncoding = 4; lastKnownFileType = sourcecode.c.objc; path = VirtualMidiSource.m; sourceTree = "<group>"; };
		813150B31B457B9700A39CC1 /* MinorThirds-Bridging-Header.h */ = {isa = PBXFileReference; lastKnownFileType = sourcecode.c.h; path = "MinorThirds-Bridging-Header.h"; sourceTree = "<group>"; };
		814F21581D9B5A9100A36FA7 /* Launch.storyboard */ = {isa = PBXFileReference; fileEncoding = 4; lastKnownFileType = file.storyboard; path = Launch.storyboard; sourceTree = "<group>"; };
		8174F4B51B4612BB00FF3B70 /* ChordTable.swift */ = {isa = PBXFileReference; fileEncoding = 4; lastKnownFileType = sourcecode.swift; path = ChordTable.swift; sourceTree = "<group>"; };
		8174F4B71B46142700FF3B70 /* UIColorHex.swift */ = {isa = PBXFileReference; fileEncoding = 4; lastKnownFileType = sourcecode.swift; path = UIColorHex.swift; sourceTree = "<group>"; };
		8174F4B91B46D3E500FF3B70 /* MusicUtil.swift */ = {isa = PBXFileReference; fileEncoding = 4; lastKnownFileType = sourcecode.swift; path = MusicUtil.swift; sourceTree = "<group>"; };
		81A8BA5D1B4452960069DB83 /* MinorThirds.app */ = {isa = PBXFileReference; explicitFileType = wrapper.application; includeInIndex = 0; path = MinorThirds.app; sourceTree = BUILT_PRODUCTS_DIR; };
		81A8BA611B4452960069DB83 /* Info.plist */ = {isa = PBXFileReference; lastKnownFileType = text.plist.xml; path = Info.plist; sourceTree = "<group>"; };
		81A8BA621B4452960069DB83 /* AppDelegate.swift */ = {isa = PBXFileReference; lastKnownFileType = sourcecode.swift; path = AppDelegate.swift; sourceTree = "<group>"; };
		81A8BA641B4452960069DB83 /* ViewController.swift */ = {isa = PBXFileReference; lastKnownFileType = sourcecode.swift; path = ViewController.swift; sourceTree = "<group>"; };
		81A8BA671B4452960069DB83 /* Base */ = {isa = PBXFileReference; lastKnownFileType = file.storyboard; name = Base; path = Base.lproj/Main.storyboard; sourceTree = "<group>"; };
		81A8BA691B4452960069DB83 /* Images.xcassets */ = {isa = PBXFileReference; lastKnownFileType = folder.assetcatalog; path = Images.xcassets; sourceTree = "<group>"; };
		81A8BA721B4452960069DB83 /* MinorThirdsTests.xctest */ = {isa = PBXFileReference; explicitFileType = wrapper.cfbundle; includeInIndex = 0; path = MinorThirdsTests.xctest; sourceTree = BUILT_PRODUCTS_DIR; };
		81A8BA771B4452960069DB83 /* Info.plist */ = {isa = PBXFileReference; lastKnownFileType = text.plist.xml; path = Info.plist; sourceTree = "<group>"; };
		81A8BA781B4452960069DB83 /* MinorThirdsTests.swift */ = {isa = PBXFileReference; lastKnownFileType = sourcecode.swift; path = MinorThirdsTests.swift; sourceTree = "<group>"; };
		81E3BD1B1B4C6E7F00359B78 /* ConfigViewController.swift */ = {isa = PBXFileReference; fileEncoding = 4; lastKnownFileType = sourcecode.swift; path = ConfigViewController.swift; sourceTree = "<group>"; };
		81E3BD1D1B4C7E9100359B78 /* CoreMIDI.framework */ = {isa = PBXFileReference; lastKnownFileType = wrapper.framework; name = CoreMIDI.framework; path = System/Library/Frameworks/CoreMIDI.framework; sourceTree = SDKROOT; };
		81E3BD1F1B4C7E9C00359B78 /* CoreAudioKit.framework */ = {isa = PBXFileReference; lastKnownFileType = wrapper.framework; name = CoreAudioKit.framework; path = System/Library/Frameworks/CoreAudioKit.framework; sourceTree = SDKROOT; };
		81E496A51B4DF16A0073B483 /* RangeSlider.swift */ = {isa = PBXFileReference; fileEncoding = 4; lastKnownFileType = sourcecode.swift; path = RangeSlider.swift; sourceTree = "<group>"; };
		81E496A71B5156C40073B483 /* MasterViewController.swift */ = {isa = PBXFileReference; fileEncoding = 4; lastKnownFileType = sourcecode.swift; path = MasterViewController.swift; sourceTree = "<group>"; };
		81E496A91B5158130073B483 /* DetailViewController.swift */ = {isa = PBXFileReference; fileEncoding = 4; lastKnownFileType = sourcecode.swift; path = DetailViewController.swift; sourceTree = "<group>"; };
/* End PBXFileReference section */

/* Begin PBXFrameworksBuildPhase section */
		81A8BA5A1B4452960069DB83 /* Frameworks */ = {
			isa = PBXFrameworksBuildPhase;
			buildActionMask = 2147483647;
			files = (
				81E3BD201B4C7E9C00359B78 /* CoreAudioKit.framework in Frameworks */,
				810A704F1C85D78D00F3166D /* CoreMIDI.framework in Frameworks */,
			);
			runOnlyForDeploymentPostprocessing = 0;
		};
		81A8BA6F1B4452960069DB83 /* Frameworks */ = {
			isa = PBXFrameworksBuildPhase;
			buildActionMask = 2147483647;
			files = (
			);
			runOnlyForDeploymentPostprocessing = 0;
		};
/* End PBXFrameworksBuildPhase section */

/* Begin PBXGroup section */
		81A8BA541B4452960069DB83 = {
			isa = PBXGroup;
			children = (
				81E3BD1F1B4C7E9C00359B78 /* CoreAudioKit.framework */,
				81E3BD1D1B4C7E9100359B78 /* CoreMIDI.framework */,
				81A8BA5F1B4452960069DB83 /* MinorThirds */,
				81A8BA751B4452960069DB83 /* MinorThirdsTests */,
				81A8BA5E1B4452960069DB83 /* Products */,
			);
			sourceTree = "<group>";
		};
		81A8BA5E1B4452960069DB83 /* Products */ = {
			isa = PBXGroup;
			children = (
				81A8BA5D1B4452960069DB83 /* MinorThirds.app */,
				81A8BA721B4452960069DB83 /* MinorThirdsTests.xctest */,
			);
			name = Products;
			sourceTree = "<group>";
		};
		81A8BA5F1B4452960069DB83 /* MinorThirds */ = {
			isa = PBXGroup;
			children = (
				813150B01B457B6900A39CC1 /* VirtualMidiSource.h */,
				813150B11B457B6900A39CC1 /* VirtualMidiSource.m */,
				81A8BA621B4452960069DB83 /* AppDelegate.swift */,
				81A8BA641B4452960069DB83 /* ViewController.swift */,
				81A8BA661B4452960069DB83 /* Main.storyboard */,
				81E3BD1B1B4C6E7F00359B78 /* ConfigViewController.swift */,
				81A8BA691B4452960069DB83 /* Images.xcassets */,
				81A8BA601B4452960069DB83 /* Supporting Files */,
				813150B31B457B9700A39CC1 /* MinorThirds-Bridging-Header.h */,
				8174F4B51B4612BB00FF3B70 /* ChordTable.swift */,
				8174F4B71B46142700FF3B70 /* UIColorHex.swift */,
				8174F4B91B46D3E500FF3B70 /* MusicUtil.swift */,
				81E496A51B4DF16A0073B483 /* RangeSlider.swift */,
				81E496A71B5156C40073B483 /* MasterViewController.swift */,
				81E496A91B5158130073B483 /* DetailViewController.swift */,
				814F21581D9B5A9100A36FA7 /* Launch.storyboard */,
			);
			path = MinorThirds;
			sourceTree = "<group>";
		};
		81A8BA601B4452960069DB83 /* Supporting Files */ = {
			isa = PBXGroup;
			children = (
				81A8BA611B4452960069DB83 /* Info.plist */,
			);
			name = "Supporting Files";
			sourceTree = "<group>";
		};
		81A8BA751B4452960069DB83 /* MinorThirdsTests */ = {
			isa = PBXGroup;
			children = (
				81A8BA781B4452960069DB83 /* MinorThirdsTests.swift */,
				81A8BA761B4452960069DB83 /* Supporting Files */,
			);
			path = MinorThirdsTests;
			sourceTree = "<group>";
		};
		81A8BA761B4452960069DB83 /* Supporting Files */ = {
			isa = PBXGroup;
			children = (
				81A8BA771B4452960069DB83 /* Info.plist */,
			);
			name = "Supporting Files";
			sourceTree = "<group>";
		};
/* End PBXGroup section */

/* Begin PBXNativeTarget section */
		81A8BA5C1B4452960069DB83 /* MinorThirds */ = {
			isa = PBXNativeTarget;
			buildConfigurationList = 81A8BA7C1B4452960069DB83 /* Build configuration list for PBXNativeTarget "MinorThirds" */;
			buildPhases = (
				81A8BA591B4452960069DB83 /* Sources */,
				81A8BA5A1B4452960069DB83 /* Frameworks */,
				81A8BA5B1B4452960069DB83 /* Resources */,
			);
			buildRules = (
			);
			dependencies = (
			);
			name = MinorThirds;
			productName = MinorThirds;
			productReference = 81A8BA5D1B4452960069DB83 /* MinorThirds.app */;
			productType = "com.apple.product-type.application";
		};
		81A8BA711B4452960069DB83 /* MinorThirdsTests */ = {
			isa = PBXNativeTarget;
			buildConfigurationList = 81A8BA7F1B4452960069DB83 /* Build configuration list for PBXNativeTarget "MinorThirdsTests" */;
			buildPhases = (
				81A8BA6E1B4452960069DB83 /* Sources */,
				81A8BA6F1B4452960069DB83 /* Frameworks */,
				81A8BA701B4452960069DB83 /* Resources */,
			);
			buildRules = (
			);
			dependencies = (
				81A8BA741B4452960069DB83 /* PBXTargetDependency */,
			);
			name = MinorThirdsTests;
			productName = MinorThirdsTests;
			productReference = 81A8BA721B4452960069DB83 /* MinorThirdsTests.xctest */;
			productType = "com.apple.product-type.bundle.unit-test";
		};
/* End PBXNativeTarget section */

/* Begin PBXProject section */
		81A8BA551B4452960069DB83 /* Project object */ = {
			isa = PBXProject;
			attributes = {
				LastSwiftMigration = 0700;
				LastSwiftUpdateCheck = 0700;
				LastUpgradeCheck = 1030;
				ORGANIZATIONNAME = "Vinicius Mello";
				TargetAttributes = {
					81A8BA5C1B4452960069DB83 = {
						CreatedOnToolsVersion = 6.3;
						DevelopmentTeam = PL9LWQQFTA;
						LastSwiftMigration = 0930;
					};
					81A8BA711B4452960069DB83 = {
						CreatedOnToolsVersion = 6.3;
						LastSwiftMigration = 0930;
						TestTargetID = 81A8BA5C1B4452960069DB83;
					};
				};
			};
			buildConfigurationList = 81A8BA581B4452960069DB83 /* Build configuration list for PBXProject "MinorThirds" */;
			compatibilityVersion = "Xcode 3.2";
			developmentRegion = en;
			hasScannedForEncodings = 0;
			knownRegions = (
				en,
				Base,
			);
			mainGroup = 81A8BA541B4452960069DB83;
			productRefGroup = 81A8BA5E1B4452960069DB83 /* Products */;
			projectDirPath = "";
			projectRoot = "";
			targets = (
				81A8BA5C1B4452960069DB83 /* MinorThirds */,
				81A8BA711B4452960069DB83 /* MinorThirdsTests */,
			);
		};
/* End PBXProject section */

/* Begin PBXResourcesBuildPhase section */
		81A8BA5B1B4452960069DB83 /* Resources */ = {
			isa = PBXResourcesBuildPhase;
			buildActionMask = 2147483647;
			files = (
				81A8BA681B4452960069DB83 /* Main.storyboard in Resources */,
				81A8BA6A1B4452960069DB83 /* Images.xcassets in Resources */,
				814F21591D9B5A9100A36FA7 /* Launch.storyboard in Resources */,
			);
			runOnlyForDeploymentPostprocessing = 0;
		};
		81A8BA701B4452960069DB83 /* Resources */ = {
			isa = PBXResourcesBuildPhase;
			buildActionMask = 2147483647;
			files = (
			);
			runOnlyForDeploymentPostprocessing = 0;
		};
/* End PBXResourcesBuildPhase section */

/* Begin PBXSourcesBuildPhase section */
		81A8BA591B4452960069DB83 /* Sources */ = {
			isa = PBXSourcesBuildPhase;
			buildActionMask = 2147483647;
			files = (
				81A8BA651B4452960069DB83 /* ViewController.swift in Sources */,
				81A8BA631B4452960069DB83 /* AppDelegate.swift in Sources */,
				8174F4B81B46142700FF3B70 /* UIColorHex.swift in Sources */,
				8174F4BA1B46D3E500FF3B70 /* MusicUtil.swift in Sources */,
				81E496A61B4DF16A0073B483 /* RangeSlider.swift in Sources */,
				81E496A81B5156C40073B483 /* MasterViewController.swift in Sources */,
				81E3BD1C1B4C6E7F00359B78 /* ConfigViewController.swift in Sources */,
				81E496AA1B5158130073B483 /* DetailViewController.swift in Sources */,
				813150B21B457B6900A39CC1 /* VirtualMidiSource.m in Sources */,
				8174F4B61B4612BB00FF3B70 /* ChordTable.swift in Sources */,
			);
			runOnlyForDeploymentPostprocessing = 0;
		};
		81A8BA6E1B4452960069DB83 /* Sources */ = {
			isa = PBXSourcesBuildPhase;
			buildActionMask = 2147483647;
			files = (
				81A8BA791B4452960069DB83 /* MinorThirdsTests.swift in Sources */,
			);
			runOnlyForDeploymentPostprocessing = 0;
		};
/* End PBXSourcesBuildPhase section */

/* Begin PBXTargetDependency section */
		81A8BA741B4452960069DB83 /* PBXTargetDependency */ = {
			isa = PBXTargetDependency;
			target = 81A8BA5C1B4452960069DB83 /* MinorThirds */;
			targetProxy = 81A8BA731B4452960069DB83 /* PBXContainerItemProxy */;
		};
/* End PBXTargetDependency section */

/* Begin PBXVariantGroup section */
		81A8BA661B4452960069DB83 /* Main.storyboard */ = {
			isa = PBXVariantGroup;
			children = (
				81A8BA671B4452960069DB83 /* Base */,
			);
			name = Main.storyboard;
			sourceTree = "<group>";
		};
/* End PBXVariantGroup section */

/* Begin XCBuildConfiguration section */
		81A8BA7A1B4452960069DB83 /* Debug */ = {
			isa = XCBuildConfiguration;
			buildSettings = {
				ALWAYS_SEARCH_USER_PATHS = NO;
				CLANG_ANALYZER_LOCALIZABILITY_NONLOCALIZED = YES;
				CLANG_CXX_LANGUAGE_STANDARD = "gnu++0x";
				CLANG_CXX_LIBRARY = "libc++";
				CLANG_ENABLE_MODULES = YES;
				CLANG_ENABLE_OBJC_ARC = YES;
				CLANG_WARN_BLOCK_CAPTURE_AUTORELEASING = YES;
				CLANG_WARN_BOOL_CONVERSION = YES;
				CLANG_WARN_COMMA = YES;
				CLANG_WARN_CONSTANT_CONVERSION = YES;
				CLANG_WARN_DEPRECATED_OBJC_IMPLEMENTATIONS = YES;
				CLANG_WARN_DIRECT_OBJC_ISA_USAGE = YES_ERROR;
				CLANG_WARN_EMPTY_BODY = YES;
				CLANG_WARN_ENUM_CONVERSION = YES;
				CLANG_WARN_INFINITE_RECURSION = YES;
				CLANG_WARN_INT_CONVERSION = YES;
				CLANG_WARN_NON_LITERAL_NULL_CONVERSION = YES;
				CLANG_WARN_OBJC_IMPLICIT_RETAIN_SELF = YES;
				CLANG_WARN_OBJC_LITERAL_CONVERSION = YES;
				CLANG_WARN_OBJC_ROOT_CLASS = YES_ERROR;
				CLANG_WARN_RANGE_LOOP_ANALYSIS = YES;
				CLANG_WARN_STRICT_PROTOTYPES = YES;
				CLANG_WARN_SUSPICIOUS_MOVE = YES;
				CLANG_WARN_UNREACHABLE_CODE = YES;
				CLANG_WARN__DUPLICATE_METHOD_MATCH = YES;
				"CODE_SIGN_IDENTITY[sdk=iphoneos*]" = "iPhone Developer";
				COPY_PHASE_STRIP = NO;
				DEBUG_INFORMATION_FORMAT = "dwarf-with-dsym";
				ENABLE_STRICT_OBJC_MSGSEND = YES;
				ENABLE_TESTABILITY = YES;
				GCC_C_LANGUAGE_STANDARD = gnu99;
				GCC_DYNAMIC_NO_PIC = NO;
				GCC_NO_COMMON_BLOCKS = YES;
				GCC_OPTIMIZATION_LEVEL = 0;
				GCC_PREPROCESSOR_DEFINITIONS = (
					"DEBUG=1",
					"$(inherited)",
				);
				GCC_SYMBOLS_PRIVATE_EXTERN = NO;
				GCC_WARN_64_TO_32_BIT_CONVERSION = YES;
				GCC_WARN_ABOUT_RETURN_TYPE = YES_ERROR;
				GCC_WARN_UNDECLARED_SELECTOR = YES;
				GCC_WARN_UNINITIALIZED_AUTOS = YES_AGGRESSIVE;
				GCC_WARN_UNUSED_FUNCTION = YES;
				GCC_WARN_UNUSED_VARIABLE = YES;
				IPHONEOS_DEPLOYMENT_TARGET = 9.1;
				MTL_ENABLE_DEBUG_INFO = YES;
				ONLY_ACTIVE_ARCH = YES;
				SDKROOT = iphoneos;
				SWIFT_OPTIMIZATION_LEVEL = "-Onone";
				TARGETED_DEVICE_FAMILY = 2;
			};
			name = Debug;
		};
		81A8BA7B1B4452960069DB83 /* Release */ = {
			isa = XCBuildConfiguration;
			buildSettings = {
				ALWAYS_SEARCH_USER_PATHS = NO;
				CLANG_ANALYZER_LOCALIZABILITY_NONLOCALIZED = YES;
				CLANG_CXX_LANGUAGE_STANDARD = "gnu++0x";
				CLANG_CXX_LIBRARY = "libc++";
				CLANG_ENABLE_MODULES = YES;
				CLANG_ENABLE_OBJC_ARC = YES;
				CLANG_WARN_BLOCK_CAPTURE_AUTORELEASING = YES;
				CLANG_WARN_BOOL_CONVERSION = YES;
				CLANG_WARN_COMMA = YES;
				CLANG_WARN_CONSTANT_CONVERSION = YES;
				CLANG_WARN_DEPRECATED_OBJC_IMPLEMENTATIONS = YES;
				CLANG_WARN_DIRECT_OBJC_ISA_USAGE = YES_ERROR;
				CLANG_WARN_EMPTY_BODY = YES;
				CLANG_WARN_ENUM_CONVERSION = YES;
				CLANG_WARN_INFINITE_RECURSION = YES;
				CLANG_WARN_INT_CONVERSION = YES;
				CLANG_WARN_NON_LITERAL_NULL_CONVERSION = YES;
				CLANG_WARN_OBJC_IMPLICIT_RETAIN_SELF = YES;
				CLANG_WARN_OBJC_LITERAL_CONVERSION = YES;
				CLANG_WARN_OBJC_ROOT_CLASS = YES_ERROR;
				CLANG_WARN_RANGE_LOOP_ANALYSIS = YES;
				CLANG_WARN_STRICT_PROTOTYPES = YES;
				CLANG_WARN_SUSPICIOUS_MOVE = YES;
				CLANG_WARN_UNREACHABLE_CODE = YES;
				CLANG_WARN__DUPLICATE_METHOD_MATCH = YES;
				"CODE_SIGN_IDENTITY[sdk=iphoneos*]" = "iPhone Developer";
				COPY_PHASE_STRIP = NO;
				DEBUG_INFORMATION_FORMAT = "dwarf-with-dsym";
				ENABLE_NS_ASSERTIONS = NO;
				ENABLE_STRICT_OBJC_MSGSEND = YES;
				GCC_C_LANGUAGE_STANDARD = gnu99;
				GCC_NO_COMMON_BLOCKS = YES;
				GCC_WARN_64_TO_32_BIT_CONVERSION = YES;
				GCC_WARN_ABOUT_RETURN_TYPE = YES_ERROR;
				GCC_WARN_UNDECLARED_SELECTOR = YES;
				GCC_WARN_UNINITIALIZED_AUTOS = YES_AGGRESSIVE;
				GCC_WARN_UNUSED_FUNCTION = YES;
				GCC_WARN_UNUSED_VARIABLE = YES;
				IPHONEOS_DEPLOYMENT_TARGET = 9.1;
				MTL_ENABLE_DEBUG_INFO = NO;
				SDKROOT = iphoneos;
				SWIFT_COMPILATION_MODE = wholemodule;
				TARGETED_DEVICE_FAMILY = 2;
				VALIDATE_PRODUCT = YES;
			};
			name = Release;
		};
		81A8BA7D1B4452960069DB83 /* Debug */ = {
			isa = XCBuildConfiguration;
			buildSettings = {
				ASSETCATALOG_COMPILER_APPICON_NAME = AppIcon;
				ASSETCATALOG_COMPILER_LAUNCHIMAGE_NAME = LaunchImage;
				CODE_SIGN_IDENTITY = "iPhone Developer";
				DEVELOPMENT_TEAM = PL9LWQQFTA;
				INFOPLIST_FILE = MinorThirds/Info.plist;
				IPHONEOS_DEPLOYMENT_TARGET = 9.1;
				LD_RUNPATH_SEARCH_PATHS = "$(inherited) @executable_path/Frameworks";
				PRODUCT_BUNDLE_IDENTIFIER = "Mello.$(PRODUCT_NAME:rfc1034identifier)";
				PRODUCT_NAME = "$(TARGET_NAME)";
				SWIFT_OBJC_BRIDGING_HEADER = "MinorThirds/MinorThirds-Bridging-Header.h";
				SWIFT_SWIFT3_OBJC_INFERENCE = Default;
				SWIFT_VERSION = 4.0;
				TARGETED_DEVICE_FAMILY = 2;
			};
			name = Debug;
		};
		81A8BA7E1B4452960069DB83 /* Release */ = {
			isa = XCBuildConfiguration;
			buildSettings = {
				ASSETCATALOG_COMPILER_APPICON_NAME = AppIcon;
				ASSETCATALOG_COMPILER_LAUNCHIMAGE_NAME = LaunchImage;
				CODE_SIGN_IDENTITY = "iPhone Developer";
				DEVELOPMENT_TEAM = PL9LWQQFTA;
				INFOPLIST_FILE = MinorThirds/Info.plist;
				IPHONEOS_DEPLOYMENT_TARGET = 9.1;
				LD_RUNPATH_SEARCH_PATHS = "$(inherited) @executable_path/Frameworks";
				PRODUCT_BUNDLE_IDENTIFIER = "Mello.$(PRODUCT_NAME:rfc1034identifier)";
				PRODUCT_NAME = "$(TARGET_NAME)";
				SWIFT_OBJC_BRIDGING_HEADER = "MinorThirds/MinorThirds-Bridging-Header.h";
				SWIFT_SWIFT3_OBJC_INFERENCE = Default;
				SWIFT_VERSION = 4.0;
				TARGETED_DEVICE_FAMILY = 2;
			};
			name = Release;
		};
		81A8BA801B4452960069DB83 /* Debug */ = {
			isa = XCBuildConfiguration;
			buildSettings = {
				BUNDLE_LOADER = "$(TEST_HOST)";
				FRAMEWORK_SEARCH_PATHS = (
					"$(SDKROOT)/Developer/Library/Frameworks",
					"$(inherited)",
				);
				GCC_PREPROCESSOR_DEFINITIONS = (
					"DEBUG=1",
					"$(inherited)",
				);
				INFOPLIST_FILE = MinorThirdsTests/Info.plist;
				LD_RUNPATH_SEARCH_PATHS = "$(inherited) @executable_path/Frameworks @loader_path/Frameworks";
				PRODUCT_BUNDLE_IDENTIFIER = "Mello.$(PRODUCT_NAME:rfc1034identifier)";
				PRODUCT_NAME = "$(TARGET_NAME)";
				SWIFT_SWIFT3_OBJC_INFERENCE = Default;
				SWIFT_VERSION = 4.0;
				TEST_HOST = "$(BUILT_PRODUCTS_DIR)/MinorThirds.app/MinorThirds";
			};
			name = Debug;
		};
		81A8BA811B4452960069DB83 /* Release */ = {
			isa = XCBuildConfiguration;
			buildSettings = {
				BUNDLE_LOADER = "$(TEST_HOST)";
				FRAMEWORK_SEARCH_PATHS = (
					"$(SDKROOT)/Developer/Library/Frameworks",
					"$(inherited)",
				);
				INFOPLIST_FILE = MinorThirdsTests/Info.plist;
				LD_RUNPATH_SEARCH_PATHS = "$(inherited) @executable_path/Frameworks @loader_path/Frameworks";
				PRODUCT_BUNDLE_IDENTIFIER = "Mello.$(PRODUCT_NAME:rfc1034identifier)";
				PRODUCT_NAME = "$(TARGET_NAME)";
				SWIFT_SWIFT3_OBJC_INFERENCE = Default;
				SWIFT_VERSION = 4.0;
				TEST_HOST = "$(BUILT_PRODUCTS_DIR)/MinorThirds.app/MinorThirds";
			};
			name = Release;
		};
/* End XCBuildConfiguration section */

/* Begin XCConfigurationList section */
		81A8BA581B4452960069DB83 /* Build configuration list for PBXProject "MinorThirds" */ = {
			isa = XCConfigurationList;
			buildConfigurations = (
				81A8BA7A1B4452960069DB83 /* Debug */,
				81A8BA7B1B4452960069DB83 /* Release */,
			);
			defaultConfigurationIsVisible = 0;
			defaultConfigurationName = Release;
		};
		81A8BA7C1B4452960069DB83 /* Build configuration list for PBXNativeTarget "MinorThirds" */ = {
			isa = XCConfigurationList;
			buildConfigurations = (
				81A8BA7D1B4452960069DB83 /* Debug */,
				81A8BA7E1B4452960069DB83 /* Release */,
			);
			defaultConfigurationIsVisible = 0;
			defaultConfigurationName = Release;
		};
		81A8BA7F1B4452960069DB83 /* Build configuration list for PBXNativeTarget "MinorThirdsTests" */ = {
			isa = XCConfigurationList;
			buildConfigurations = (
				81A8BA801B4452960069DB83 /* Debug */,
				81A8BA811B4452960069DB83 /* Release */,
			);
			defaultConfigurationIsVisible = 0;
			defaultConfigurationName = Release;
		};
/* End XCConfigurationList section */
	};
	rootObject = 81A8BA551B4452960069DB83 /* Project object */;
}
